// !$*UTF8*$!
{
	archiveVersion = 1;
	classes = {
	};
	objectVersion = 46;
	objects = {

/* Begin PBXBuildFile section */
		F311AA721D94A24A00A7DD68 /* AppDelegate.swift in Sources */ = {isa = PBXBuildFile; fileRef = F311AA711D94A24A00A7DD68 /* AppDelegate.swift */; };
		F311AA741D94A24A00A7DD68 /* ViewController.swift in Sources */ = {isa = PBXBuildFile; fileRef = F311AA731D94A24A00A7DD68 /* ViewController.swift */; };
		F311AA771D94A24A00A7DD68 /* Main.storyboard in Resources */ = {isa = PBXBuildFile; fileRef = F311AA751D94A24A00A7DD68 /* Main.storyboard */; };
		F311AA791D94A24A00A7DD68 /* Assets.xcassets in Resources */ = {isa = PBXBuildFile; fileRef = F311AA781D94A24A00A7DD68 /* Assets.xcassets */; };
		F311AA7C1D94A24A00A7DD68 /* LaunchScreen.storyboard in Resources */ = {isa = PBXBuildFile; fileRef = F311AA7A1D94A24A00A7DD68 /* LaunchScreen.storyboard */; };
		F311AA871D94A24A00A7DD68 /* UIKitTests.swift in Sources */ = {isa = PBXBuildFile; fileRef = F311AA861D94A24A00A7DD68 /* UIKitTests.swift */; };
		F311AA921D94A24B00A7DD68 /* UIKitUITests.swift in Sources */ = {isa = PBXBuildFile; fileRef = F311AA911D94A24B00A7DD68 /* UIKitUITests.swift */; };
/* End PBXBuildFile section */

/* Begin PBXContainerItemProxy section */
		F311AA831D94A24A00A7DD68 /* PBXContainerItemProxy */ = {
			isa = PBXContainerItemProxy;
			containerPortal = F311AA661D94A24A00A7DD68 /* Project object */;
			proxyType = 1;
			remoteGlobalIDString = F311AA6D1D94A24A00A7DD68;
			remoteInfo = UIKit;
		};
		F311AA8E1D94A24B00A7DD68 /* PBXContainerItemProxy */ = {
			isa = PBXContainerItemProxy;
			containerPortal = F311AA661D94A24A00A7DD68 /* Project object */;
			proxyType = 1;
			remoteGlobalIDString = F311AA6D1D94A24A00A7DD68;
			remoteInfo = UIKit;
		};
/* End PBXContainerItemProxy section */

/* Begin PBXFileReference section */
		F311AA6E1D94A24A00A7DD68 /* UIKit.app */ = {isa = PBXFileReference; explicitFileType = wrapper.application; includeInIndex = 0; path = UIKit.app; sourceTree = BUILT_PRODUCTS_DIR; };
		F311AA711D94A24A00A7DD68 /* AppDelegate.swift */ = {isa = PBXFileReference; lastKnownFileType = sourcecode.swift; path = AppDelegate.swift; sourceTree = "<group>"; };
		F311AA731D94A24A00A7DD68 /* ViewController.swift */ = {isa = PBXFileReference; lastKnownFileType = sourcecode.swift; path = ViewController.swift; sourceTree = "<group>"; };
		F311AA761D94A24A00A7DD68 /* Base */ = {isa = PBXFileReference; lastKnownFileType = file.storyboard; name = Base; path = Base.lproj/Main.storyboard; sourceTree = "<group>"; };
		F311AA781D94A24A00A7DD68 /* Assets.xcassets */ = {isa = PBXFileReference; lastKnownFileType = folder.assetcatalog; path = Assets.xcassets; sourceTree = "<group>"; };
		F311AA7B1D94A24A00A7DD68 /* Base */ = {isa = PBXFileReference; lastKnownFileType = file.storyboard; name = Base; path = Base.lproj/LaunchScreen.storyboard; sourceTree = "<group>"; };
		F311AA7D1D94A24A00A7DD68 /* Info.plist */ = {isa = PBXFileReference; lastKnownFileType = text.plist.xml; path = Info.plist; sourceTree = "<group>"; };
		F311AA821D94A24A00A7DD68 /* UIKitTests.xctest */ = {isa = PBXFileReference; explicitFileType = wrapper.cfbundle; includeInIndex = 0; path = UIKitTests.xctest; sourceTree = BUILT_PRODUCTS_DIR; };
		F311AA861D94A24A00A7DD68 /* UIKitTests.swift */ = {isa = PBXFileReference; lastKnownFileType = sourcecode.swift; path = UIKitTests.swift; sourceTree = "<group>"; };
		F311AA881D94A24A00A7DD68 /* Info.plist */ = {isa = PBXFileReference; lastKnownFileType = text.plist.xml; path = Info.plist; sourceTree = "<group>"; };
		F311AA8D1D94A24B00A7DD68 /* UIKitUITests.xctest */ = {isa = PBXFileReference; explicitFileType = wrapper.cfbundle; includeInIndex = 0; path = UIKitUITests.xctest; sourceTree = BUILT_PRODUCTS_DIR; };
		F311AA911D94A24B00A7DD68 /* UIKitUITests.swift */ = {isa = PBXFileReference; lastKnownFileType = sourcecode.swift; path = UIKitUITests.swift; sourceTree = "<group>"; };
		F311AA931D94A24B00A7DD68 /* Info.plist */ = {isa = PBXFileReference; lastKnownFileType = text.plist.xml; path = Info.plist; sourceTree = "<group>"; };
/* End PBXFileReference section */

/* Begin PBXFrameworksBuildPhase section */
		F311AA6B1D94A24A00A7DD68 /* Frameworks */ = {
			isa = PBXFrameworksBuildPhase;
			buildActionMask = 2147483647;
			files = (
			);
			runOnlyForDeploymentPostprocessing = 0;
		};
		F311AA7F1D94A24A00A7DD68 /* Frameworks */ = {
			isa = PBXFrameworksBuildPhase;
			buildActionMask = 2147483647;
			files = (
			);
			runOnlyForDeploymentPostprocessing = 0;
		};
		F311AA8A1D94A24B00A7DD68 /* Frameworks */ = {
			isa = PBXFrameworksBuildPhase;
			buildActionMask = 2147483647;
			files = (
			);
			runOnlyForDeploymentPostprocessing = 0;
		};
/* End PBXFrameworksBuildPhase section */

/* Begin PBXGroup section */
		F311AA651D94A24A00A7DD68 = {
			isa = PBXGroup;
			children = (
				F311AA701D94A24A00A7DD68 /* UIKit */,
				F311AA851D94A24A00A7DD68 /* UIKitTests */,
				F311AA901D94A24B00A7DD68 /* UIKitUITests */,
				F311AA6F1D94A24A00A7DD68 /* Products */,
			);
			sourceTree = "<group>";
		};
		F311AA6F1D94A24A00A7DD68 /* Products */ = {
			isa = PBXGroup;
			children = (
				F311AA6E1D94A24A00A7DD68 /* UIKit.app */,
				F311AA821D94A24A00A7DD68 /* UIKitTests.xctest */,
				F311AA8D1D94A24B00A7DD68 /* UIKitUITests.xctest */,
			);
			name = Products;
			sourceTree = "<group>";
		};
		F311AA701D94A24A00A7DD68 /* UIKit */ = {
			isa = PBXGroup;
			children = (
				F311AA711D94A24A00A7DD68 /* AppDelegate.swift */,
				F311AA731D94A24A00A7DD68 /* ViewController.swift */,
				F311AA751D94A24A00A7DD68 /* Main.storyboard */,
				F311AA781D94A24A00A7DD68 /* Assets.xcassets */,
				F311AA7A1D94A24A00A7DD68 /* LaunchScreen.storyboard */,
				F311AA7D1D94A24A00A7DD68 /* Info.plist */,
			);
			path = UIKit;
			sourceTree = "<group>";
		};
		F311AA851D94A24A00A7DD68 /* UIKitTests */ = {
			isa = PBXGroup;
			children = (
				F311AA861D94A24A00A7DD68 /* UIKitTests.swift */,
				F311AA881D94A24A00A7DD68 /* Info.plist */,
			);
			path = UIKitTests;
			sourceTree = "<group>";
		};
		F311AA901D94A24B00A7DD68 /* UIKitUITests */ = {
			isa = PBXGroup;
			children = (
				F311AA911D94A24B00A7DD68 /* UIKitUITests.swift */,
				F311AA931D94A24B00A7DD68 /* Info.plist */,
			);
			path = UIKitUITests;
			sourceTree = "<group>";
		};
/* End PBXGroup section */

/* Begin PBXNativeTarget section */
		F311AA6D1D94A24A00A7DD68 /* UIKit */ = {
			isa = PBXNativeTarget;
			buildConfigurationList = F311AA961D94A24B00A7DD68 /* Build configuration list for PBXNativeTarget "UIKit" */;
			buildPhases = (
				F311AA6A1D94A24A00A7DD68 /* Sources */,
				F311AA6B1D94A24A00A7DD68 /* Frameworks */,
				F311AA6C1D94A24A00A7DD68 /* Resources */,
			);
			buildRules = (
			);
			dependencies = (
			);
			name = UIKit;
			productName = UIKit;
			productReference = F311AA6E1D94A24A00A7DD68 /* UIKit.app */;
			productType = "com.apple.product-type.application";
		};
		F311AA811D94A24A00A7DD68 /* UIKitTests */ = {
			isa = PBXNativeTarget;
			buildConfigurationList = F311AA991D94A24B00A7DD68 /* Build configuration list for PBXNativeTarget "UIKitTests" */;
			buildPhases = (
				F311AA7E1D94A24A00A7DD68 /* Sources */,
				F311AA7F1D94A24A00A7DD68 /* Frameworks */,
				F311AA801D94A24A00A7DD68 /* Resources */,
			);
			buildRules = (
			);
			dependencies = (
				F311AA841D94A24A00A7DD68 /* PBXTargetDependency */,
			);
			name = UIKitTests;
			productName = UIKitTests;
			productReference = F311AA821D94A24A00A7DD68 /* UIKitTests.xctest */;
			productType = "com.apple.product-type.bundle.unit-test";
		};
		F311AA8C1D94A24B00A7DD68 /* UIKitUITests */ = {
			isa = PBXNativeTarget;
			buildConfigurationList = F311AA9C1D94A24B00A7DD68 /* Build configuration list for PBXNativeTarget "UIKitUITests" */;
			buildPhases = (
				F311AA891D94A24B00A7DD68 /* Sources */,
				F311AA8A1D94A24B00A7DD68 /* Frameworks */,
				F311AA8B1D94A24B00A7DD68 /* Resources */,
			);
			buildRules = (
			);
			dependencies = (
				F311AA8F1D94A24B00A7DD68 /* PBXTargetDependency */,
			);
			name = UIKitUITests;
			productName = UIKitUITests;
			productReference = F311AA8D1D94A24B00A7DD68 /* UIKitUITests.xctest */;
			productType = "com.apple.product-type.bundle.ui-testing";
		};
/* End PBXNativeTarget section */

/* Begin PBXProject section */
		F311AA661D94A24A00A7DD68 /* Project object */ = {
			isa = PBXProject;
			attributes = {
				LastSwiftUpdateCheck = 0800;
				LastUpgradeCheck = 0800;
				ORGANIZATIONNAME = "Ariela Cohen";
				TargetAttributes = {
					F311AA6D1D94A24A00A7DD68 = {
						CreatedOnToolsVersion = 8.0;
						ProvisioningStyle = Automatic;
					};
					F311AA811D94A24A00A7DD68 = {
						CreatedOnToolsVersion = 8.0;
						ProvisioningStyle = Automatic;
						TestTargetID = F311AA6D1D94A24A00A7DD68;
					};
					F311AA8C1D94A24B00A7DD68 = {
						CreatedOnToolsVersion = 8.0;
						ProvisioningStyle = Automatic;
						TestTargetID = F311AA6D1D94A24A00A7DD68;
					};
				};
			};
			buildConfigurationList = F311AA691D94A24A00A7DD68 /* Build configuration list for PBXProject "UIKit" */;
			compatibilityVersion = "Xcode 3.2";
			developmentRegion = English;
			hasScannedForEncodings = 0;
			knownRegions = (
				en,
				Base,
			);
			mainGroup = F311AA651D94A24A00A7DD68;
			productRefGroup = F311AA6F1D94A24A00A7DD68 /* Products */;
			projectDirPath = "";
			projectRoot = "";
			targets = (
				F311AA6D1D94A24A00A7DD68 /* UIKit */,
				F311AA811D94A24A00A7DD68 /* UIKitTests */,
				F311AA8C1D94A24B00A7DD68 /* UIKitUITests */,
			);
		};
/* End PBXProject section */

/* Begin PBXResourcesBuildPhase section */
		F311AA6C1D94A24A00A7DD68 /* Resources */ = {
			isa = PBXResourcesBuildPhase;
			buildActionMask = 2147483647;
			files = (
				F311AA7C1D94A24A00A7DD68 /* LaunchScreen.storyboard in Resources */,
				F311AA791D94A24A00A7DD68 /* Assets.xcassets in Resources */,
				F311AA771D94A24A00A7DD68 /* Main.storyboard in Resources */,
			);
			runOnlyForDeploymentPostprocessing = 0;
		};
		F311AA801D94A24A00A7DD68 /* Resources */ = {
			isa = PBXResourcesBuildPhase;
			buildActionMask = 2147483647;
			files = (
			);
			runOnlyForDeploymentPostprocessing = 0;
		};
		F311AA8B1D94A24B00A7DD68 /* Resources */ = {
			isa = PBXResourcesBuildPhase;
			buildActionMask = 2147483647;
			files = (
			);
			runOnlyForDeploymentPostprocessing = 0;
		};
/* End PBXResourcesBuildPhase section */

/* Begin PBXSourcesBuildPhase section */
		F311AA6A1D94A24A00A7DD68 /* Sources */ = {
			isa = PBXSourcesBuildPhase;
			buildActionMask = 2147483647;
			files = (
				F311AA741D94A24A00A7DD68 /* ViewController.swift in Sources */,
				F311AA721D94A24A00A7DD68 /* AppDelegate.swift in Sources */,
			);
			runOnlyForDeploymentPostprocessing = 0;
		};
		F311AA7E1D94A24A00A7DD68 /* Sources */ = {
			isa = PBXSourcesBuildPhase;
			buildActionMask = 2147483647;
			files = (
				F311AA871D94A24A00A7DD68 /* UIKitTests.swift in Sources */,
			);
			runOnlyForDeploymentPostprocessing = 0;
		};
		F311AA891D94A24B00A7DD68 /* Sources */ = {
			isa = PBXSourcesBuildPhase;
			buildActionMask = 2147483647;
			files = (
				F311AA921D94A24B00A7DD68 /* UIKitUITests.swift in Sources */,
			);
			runOnlyForDeploymentPostprocessing = 0;
		};
/* End PBXSourcesBuildPhase section */

/* Begin PBXTargetDependency section */
		F311AA841D94A24A00A7DD68 /* PBXTargetDependency */ = {
			isa = PBXTargetDependency;
			target = F311AA6D1D94A24A00A7DD68 /* UIKit */;
			targetProxy = F311AA831D94A24A00A7DD68 /* PBXContainerItemProxy */;
		};
		F311AA8F1D94A24B00A7DD68 /* PBXTargetDependency */ = {
			isa = PBXTargetDependency;
			target = F311AA6D1D94A24A00A7DD68 /* UIKit */;
			targetProxy = F311AA8E1D94A24B00A7DD68 /* PBXContainerItemProxy */;
		};
/* End PBXTargetDependency section */

/* Begin PBXVariantGroup section */
		F311AA751D94A24A00A7DD68 /* Main.storyboard */ = {
			isa = PBXVariantGroup;
			children = (
				F311AA761D94A24A00A7DD68 /* Base */,
			);
			name = Main.storyboard;
			sourceTree = "<group>";
		};
		F311AA7A1D94A24A00A7DD68 /* LaunchScreen.storyboard */ = {
			isa = PBXVariantGroup;
			children = (
				F311AA7B1D94A24A00A7DD68 /* Base */,
			);
			name = LaunchScreen.storyboard;
			sourceTree = "<group>";
		};
/* End PBXVariantGroup section */

/* Begin XCBuildConfiguration section */
		F311AA941D94A24B00A7DD68 /* Debug */ = {
			isa = XCBuildConfiguration;
			buildSettings = {
				ALWAYS_SEARCH_USER_PATHS = NO;
				CLANG_ANALYZER_NONNULL = YES;
				CLANG_CXX_LANGUAGE_STANDARD = "gnu++0x";
				CLANG_CXX_LIBRARY = "libc++";
				CLANG_ENABLE_MODULES = YES;
				CLANG_ENABLE_OBJC_ARC = YES;
				CLANG_WARN_BOOL_CONVERSION = YES;
				CLANG_WARN_CONSTANT_CONVERSION = YES;
				CLANG_WARN_DIRECT_OBJC_ISA_USAGE = YES_ERROR;
				CLANG_WARN_DOCUMENTATION_COMMENTS = YES;
				CLANG_WARN_EMPTY_BODY = YES;
				CLANG_WARN_ENUM_CONVERSION = YES;
				CLANG_WARN_INFINITE_RECURSION = YES;
				CLANG_WARN_INT_CONVERSION = YES;
				CLANG_WARN_OBJC_ROOT_CLASS = YES_ERROR;
				CLANG_WARN_SUSPICIOUS_MOVES = YES;
				CLANG_WARN_UNREACHABLE_CODE = YES;
				CLANG_WARN__DUPLICATE_METHOD_MATCH = YES;
				"CODE_SIGN_IDENTITY[sdk=iphoneos*]" = "iPhone Developer";
				COPY_PHASE_STRIP = NO;
				DEBUG_INFORMATION_FORMAT = dwarf;
				ENABLE_STRICT_OBJC_MSGSEND = YES;
				ENABLE_TESTABILITY = YES;
				GCC_C_LANGUAGE_STANDARD = gnu99;
				GCC_DYNAMIC_NO_PIC = NO;
				GCC_NO_COMMON_BLOCKS = YES;
				GCC_OPTIMIZATION_LEVEL = 0;
				GCC_PREPROCESSOR_DEFINITIONS = (
					"DEBUG=1",
					"$(inherited)",
				);
				GCC_WARN_64_TO_32_BIT_CONVERSION = YES;
				GCC_WARN_ABOUT_RETURN_TYPE = YES_ERROR;
				GCC_WARN_UNDECLARED_SELECTOR = YES;
				GCC_WARN_UNINITIALIZED_AUTOS = YES_AGGRESSIVE;
				GCC_WARN_UNUSED_FUNCTION = YES;
				GCC_WARN_UNUSED_VARIABLE = YES;
				IPHONEOS_DEPLOYMENT_TARGET = 10.0;
				MTL_ENABLE_DEBUG_INFO = YES;
				ONLY_ACTIVE_ARCH = YES;
				SDKROOT = iphoneos;
				SWIFT_ACTIVE_COMPILATION_CONDITIONS = DEBUG;
				SWIFT_OPTIMIZATION_LEVEL = "-Onone";
				TARGETED_DEVICE_FAMILY = "1,2";
			};
			name = Debug;
		};
		F311AA951D94A24B00A7DD68 /* Release */ = {
			isa = XCBuildConfiguration;
			buildSettings = {
				ALWAYS_SEARCH_USER_PATHS = NO;
				CLANG_ANALYZER_NONNULL = YES;
				CLANG_CXX_LANGUAGE_STANDARD = "gnu++0x";
				CLANG_CXX_LIBRARY = "libc++";
				CLANG_ENABLE_MODULES = YES;
				CLANG_ENABLE_OBJC_ARC = YES;
				CLANG_WARN_BOOL_CONVERSION = YES;
				CLANG_WARN_CONSTANT_CONVERSION = YES;
				CLANG_WARN_DIRECT_OBJC_ISA_USAGE = YES_ERROR;
				CLANG_WARN_DOCUMENTATION_COMMENTS = YES;
				CLANG_WARN_EMPTY_BODY = YES;
				CLANG_WARN_ENUM_CONVERSION = YES;
				CLANG_WARN_INFINITE_RECURSION = YES;
				CLANG_WARN_INT_CONVERSION = YES;
				CLANG_WARN_OBJC_ROOT_CLASS = YES_ERROR;
				CLANG_WARN_SUSPICIOUS_MOVES = YES;
				CLANG_WARN_UNREACHABLE_CODE = YES;
				CLANG_WARN__DUPLICATE_METHOD_MATCH = YES;
				"CODE_SIGN_IDENTITY[sdk=iphoneos*]" = "iPhone Developer";
				COPY_PHASE_STRIP = NO;
				DEBUG_INFORMATION_FORMAT = "dwarf-with-dsym";
				ENABLE_NS_ASSERTIONS = NO;
				ENABLE_STRICT_OBJC_MSGSEND = YES;
				GCC_C_LANGUAGE_STANDARD = gnu99;
				GCC_NO_COMMON_BLOCKS = YES;
				GCC_WARN_64_TO_32_BIT_CONVERSION = YES;
				GCC_WARN_ABOUT_RETURN_TYPE = YES_ERROR;
				GCC_WARN_UNDECLARED_SELECTOR = YES;
				GCC_WARN_UNINITIALIZED_AUTOS = YES_AGGRESSIVE;
				GCC_WARN_UNUSED_FUNCTION = YES;
				GCC_WARN_UNUSED_VARIABLE = YES;
				IPHONEOS_DEPLOYMENT_TARGET = 10.0;
				MTL_ENABLE_DEBUG_INFO = NO;
				SDKROOT = iphoneos;
				SWIFT_OPTIMIZATION_LEVEL = "-Owholemodule";
				TARGETED_DEVICE_FAMILY = "1,2";
				VALIDATE_PRODUCT = YES;
			};
			name = Release;
		};
		F311AA971D94A24B00A7DD68 /* Debug */ = {
			isa = XCBuildConfiguration;
			buildSettings = {
				ASSETCATALOG_COMPILER_APPICON_NAME = AppIcon;
				INFOPLIST_FILE = UIKit/Info.plist;
				LD_RUNPATH_SEARCH_PATHS = "$(inherited) @executable_path/Frameworks";
				PRODUCT_BUNDLE_IDENTIFIER = ac.UIKit;
				PRODUCT_NAME = "$(TARGET_NAME)";
				SWIFT_VERSION = 3.0;
			};
			name = Debug;
		};
		F311AA981D94A24B00A7DD68 /* Release */ = {
			isa = XCBuildConfiguration;
			buildSettings = {
				ASSETCATALOG_COMPILER_APPICON_NAME = AppIcon;
				INFOPLIST_FILE = UIKit/Info.plist;
				LD_RUNPATH_SEARCH_PATHS = "$(inherited) @executable_path/Frameworks";
				PRODUCT_BUNDLE_IDENTIFIER = ac.UIKit;
				PRODUCT_NAME = "$(TARGET_NAME)";
				SWIFT_VERSION = 3.0;
			};
			name = Release;
		};
		F311AA9A1D94A24B00A7DD68 /* Debug */ = {
			isa = XCBuildConfiguration;
			buildSettings = {
				ALWAYS_EMBED_SWIFT_STANDARD_LIBRARIES = YES;
				BUNDLE_LOADER = "$(TEST_HOST)";
				INFOPLIST_FILE = UIKitTests/Info.plist;
				LD_RUNPATH_SEARCH_PATHS = "$(inherited) @executable_path/Frameworks @loader_path/Frameworks";
				PRODUCT_BUNDLE_IDENTIFIER = ac.UIKitTests;
				PRODUCT_NAME = "$(TARGET_NAME)";
				SWIFT_VERSION = 3.0;
				TEST_HOST = "$(BUILT_PRODUCTS_DIR)/UIKit.app/UIKit";
			};
			name = Debug;
		};
		F311AA9B1D94A24B00A7DD68 /* Release */ = {
			isa = XCBuildConfiguration;
			buildSettings = {
				ALWAYS_EMBED_SWIFT_STANDARD_LIBRARIES = YES;
				BUNDLE_LOADER = "$(TEST_HOST)";
				INFOPLIST_FILE = UIKitTests/Info.plist;
				LD_RUNPATH_SEARCH_PATHS = "$(inherited) @executable_path/Frameworks @loader_path/Frameworks";
				PRODUCT_BUNDLE_IDENTIFIER = ac.UIKitTests;
				PRODUCT_NAME = "$(TARGET_NAME)";
				SWIFT_VERSION = 3.0;
				TEST_HOST = "$(BUILT_PRODUCTS_DIR)/UIKit.app/UIKit";
			};
			name = Release;
		};
		F311AA9D1D94A24B00A7DD68 /* Debug */ = {
			isa = XCBuildConfiguration;
			buildSettings = {
				ALWAYS_EMBED_SWIFT_STANDARD_LIBRARIES = YES;
				INFOPLIST_FILE = UIKitUITests/Info.plist;
				LD_RUNPATH_SEARCH_PATHS = "$(inherited) @executable_path/Frameworks @loader_path/Frameworks";
				PRODUCT_BUNDLE_IDENTIFIER = ac.UIKitUITests;
				PRODUCT_NAME = "$(TARGET_NAME)";
				SWIFT_VERSION = 3.0;
				TEST_TARGET_NAME = UIKit;
			};
			name = Debug;
		};
		F311AA9E1D94A24B00A7DD68 /* Release */ = {
			isa = XCBuildConfiguration;
			buildSettings = {
				ALWAYS_EMBED_SWIFT_STANDARD_LIBRARIES = YES;
				INFOPLIST_FILE = UIKitUITests/Info.plist;
				LD_RUNPATH_SEARCH_PATHS = "$(inherited) @executable_path/Frameworks @loader_path/Frameworks";
				PRODUCT_BUNDLE_IDENTIFIER = ac.UIKitUITests;
				PRODUCT_NAME = "$(TARGET_NAME)";
				SWIFT_VERSION = 3.0;
				TEST_TARGET_NAME = UIKit;
			};
			name = Release;
		};
/* End XCBuildConfiguration section */

/* Begin XCConfigurationList section */
		F311AA691D94A24A00A7DD68 /* Build configuration list for PBXProject "UIKit" */ = {
			isa = XCConfigurationList;
			buildConfigurations = (
				F311AA941D94A24B00A7DD68 /* Debug */,
				F311AA951D94A24B00A7DD68 /* Release */,
			);
			defaultConfigurationIsVisible = 0;
			defaultConfigurationName = Release;
		};
		F311AA961D94A24B00A7DD68 /* Build configuration list for PBXNativeTarget "UIKit" */ = {
			isa = XCConfigurationList;
			buildConfigurations = (
				F311AA971D94A24B00A7DD68 /* Debug */,
				F311AA981D94A24B00A7DD68 /* Release */,
			);
			defaultConfigurationIsVisible = 0;
		};
		F311AA991D94A24B00A7DD68 /* Build configuration list for PBXNativeTarget "UIKitTests" */ = {
			isa = XCConfigurationList;
			buildConfigurations = (
				F311AA9A1D94A24B00A7DD68 /* Debug */,
				F311AA9B1D94A24B00A7DD68 /* Release */,
			);
			defaultConfigurationIsVisible = 0;
		};
		F311AA9C1D94A24B00A7DD68 /* Build configuration list for PBXNativeTarget "UIKitUITests" */ = {
			isa = XCConfigurationList;
			buildConfigurations = (
				F311AA9D1D94A24B00A7DD68 /* Debug */,
				F311AA9E1D94A24B00A7DD68 /* Release */,
			);
			defaultConfigurationIsVisible = 0;
		};
/* End XCConfigurationList section */
	};
	rootObject = F311AA661D94A24A00A7DD68 /* Project object */;
}
